
Microsoft Visual Studio Solution File, Format Version 12.00
# Visual Studio Version 16
VisualStudioVersion = 16.0.31410.357
MinimumVisualStudioVersion = 10.0.40219.1
Project("{9A19103F-16F7-4668-BE54-9A1E7A4F7556}") = "API", "API\API.csproj", "{B62998CE-9345-495C-A254-C9E6B060728C}"
EndProject
Project("{9A19103F-16F7-4668-BE54-9A1E7A4F7556}") = "SquadPicker.Data", "SquadPicker.Data\SquadPicker.Data.csproj", "{7333B9F8-9395-49ED-A2FE-1AFB0FCE7D33}"
EndProject
Project("{9A19103F-16F7-4668-BE54-9A1E7A4F7556}") = "SquadPicker.Models", "SquadPicker.Models\SquadPicker.Models.csproj", "{BF3A1B55-F55C-441D-963A-6602231B2E13}"
EndProject
Global
	GlobalSection(SolutionConfigurationPlatforms) = preSolution
		Debug|Any CPU = Debug|Any CPU
		Release|Any CPU = Release|Any CPU
	EndGlobalSection
	GlobalSection(ProjectConfigurationPlatforms) = postSolution
		{B62998CE-9345-495C-A254-C9E6B060728C}.Debug|Any CPU.ActiveCfg = Debug|Any CPU
		{B62998CE-9345-495C-A254-C9E6B060728C}.Debug|Any CPU.Build.0 = Debug|Any CPU
		{B62998CE-9345-495C-A254-C9E6B060728C}.Release|Any CPU.ActiveCfg = Release|Any CPU
		{B62998CE-9345-495C-A254-C9E6B060728C}.Release|Any CPU.Build.0 = Release|Any CPU
		{7333B9F8-9395-49ED-A2FE-1AFB0FCE7D33}.Debug|Any CPU.ActiveCfg = Debug|Any CPU
		{7333B9F8-9395-49ED-A2FE-1AFB0FCE7D33}.Debug|Any CPU.Build.0 = Debug|Any CPU
		{7333B9F8-9395-49ED-A2FE-1AFB0FCE7D33}.Release|Any CPU.ActiveCfg = Release|Any CPU
		{7333B9F8-9395-49ED-A2FE-1AFB0FCE7D33}.Release|Any CPU.Build.0 = Release|Any CPU
		{BF3A1B55-F55C-441D-963A-6602231B2E13}.Debug|Any CPU.ActiveCfg = Debug|Any CPU
		{BF3A1B55-F55C-441D-963A-6602231B2E13}.Debug|Any CPU.Build.0 = Debug|Any CPU
		{BF3A1B55-F55C-441D-963A-6602231B2E13}.Release|Any CPU.ActiveCfg = Release|Any CPU
		{BF3A1B55-F55C-441D-963A-6602231B2E13}.Release|Any CPU.Build.0 = Release|Any CPU
	EndGlobalSection
	GlobalSection(SolutionProperties) = preSolution
		HideSolutionNode = FALSE
	EndGlobalSection
	GlobalSection(ExtensibilityGlobals) = postSolution
		SolutionGuid = {379899BB-DA28-4537-9C9F-13C3C90AF401}
	EndGlobalSection
EndGlobal
